// !$*UTF8*$!
{
	archiveVersion = 1;
	classes = {
	};
	objectVersion = 56;
	objects = {

/* Begin PBXBuildFile section */
		EF029C4B2B966D6B00C3F6DB /* ViewModel.swift in Sources */ = {isa = PBXBuildFile; fileRef = EF029C4A2B966D6B00C3F6DB /* ViewModel.swift */; };
		EF029C4D2B966E3300C3F6DB /* Onboarding.swift in Sources */ = {isa = PBXBuildFile; fileRef = EF029C4C2B966E3300C3F6DB /* Onboarding.swift */; };
		EF029C4F2B966EC400C3F6DB /* Hero.swift in Sources */ = {isa = PBXBuildFile; fileRef = EF029C4E2B966EC400C3F6DB /* Hero.swift */; };
		EF029C512B966ED000C3F6DB /* Header.swift in Sources */ = {isa = PBXBuildFile; fileRef = EF029C502B966ED000C3F6DB /* Header.swift */; };
		EF029C532B966EDC00C3F6DB /* FoodItem.swift in Sources */ = {isa = PBXBuildFile; fileRef = EF029C522B966EDC00C3F6DB /* FoodItem.swift */; };
		EF029C552B966EE300C3F6DB /* MainScreen.swift in Sources */ = {isa = PBXBuildFile; fileRef = EF029C542B966EE300C3F6DB /* MainScreen.swift */; };
		EF029C572B966EE800C3F6DB /* DetailItem.swift in Sources */ = {isa = PBXBuildFile; fileRef = EF029C562B966EE800C3F6DB /* DetailItem.swift */; };
		EF029C592B966EF000C3F6DB /* Styles.swift in Sources */ = {isa = PBXBuildFile; fileRef = EF029C582B966EF000C3F6DB /* Styles.swift */; };
		EF029C842B97C60400C3F6DB /* Karla-VariableFont_wght.ttf in Resources */ = {isa = PBXBuildFile; fileRef = EF029C832B97C60400C3F6DB /* Karla-VariableFont_wght.ttf */; };
		EF029C862B97C6E800C3F6DB /* MarkaziText-VariableFont_wght.ttf in Resources */ = {isa = PBXBuildFile; fileRef = EF029C852B97C6E800C3F6DB /* MarkaziText-VariableFont_wght.ttf */; };
		EF029C882B97C81B00C3F6DB /* Faustina-VariableFont_wght.ttf in Resources */ = {isa = PBXBuildFile; fileRef = EF029C872B97C81B00C3F6DB /* Faustina-VariableFont_wght.ttf */; };
		EF3FB2D42B86BABE003F7DB3 /* FetchedObjects.swift in Sources */ = {isa = PBXBuildFile; fileRef = EF3FB2D32B86BABE003F7DB3 /* FetchedObjects.swift */; };
		EF3FB2D62B86BAC2003F7DB3 /* Persistence.swift in Sources */ = {isa = PBXBuildFile; fileRef = EF3FB2D52B86BAC2003F7DB3 /* Persistence.swift */; };
		EF3FB2D82B86BB66003F7DB3 /* MenuList.swift in Sources */ = {isa = PBXBuildFile; fileRef = EF3FB2D72B86BB66003F7DB3 /* MenuList.swift */; };
		EF3FB2DA2B86BB70003F7DB3 /* MenuItem.swift in Sources */ = {isa = PBXBuildFile; fileRef = EF3FB2D92B86BB70003F7DB3 /* MenuItem.swift */; };
		EF3FB2DD2B87F129003F7DB3 /* ExampleDatabase.xcdatamodeld in Sources */ = {isa = PBXBuildFile; fileRef = EF3FB2DB2B87F129003F7DB3 /* ExampleDatabase.xcdatamodeld */; };
		EF63334C2B8406CD0006174A /* UserProfile.swift in Sources */ = {isa = PBXBuildFile; fileRef = EF63334B2B8406CD0006174A /* UserProfile.swift */; };
		EF6500A02B61C5A0005FADF5 /* LittleLemonAppApp.swift in Sources */ = {isa = PBXBuildFile; fileRef = EF65009F2B61C5A0005FADF5 /* LittleLemonAppApp.swift */; };
		EF6500A42B61C5A2005FADF5 /* Assets.xcassets in Resources */ = {isa = PBXBuildFile; fileRef = EF6500A32B61C5A2005FADF5 /* Assets.xcassets */; };
		EF6500A72B61C5A2005FADF5 /* Preview Assets.xcassets in Resources */ = {isa = PBXBuildFile; fileRef = EF6500A62B61C5A2005FADF5 /* Preview Assets.xcassets */; };
		EFE1F7412B7FE59C003008CF /* Menu.swift in Sources */ = {isa = PBXBuildFile; fileRef = EFE1F7402B7FE59C003008CF /* Menu.swift */; };
		EFE1F7432B7FE5A1003008CF /* Home.swift in Sources */ = {isa = PBXBuildFile; fileRef = EFE1F7422B7FE5A1003008CF /* Home.swift */; };
/* End PBXBuildFile section */

/* Begin PBXFileReference section */
		EF029C4A2B966D6B00C3F6DB /* ViewModel.swift */ = {isa = PBXFileReference; lastKnownFileType = sourcecode.swift; path = ViewModel.swift; sourceTree = "<group>"; };
		EF029C4C2B966E3300C3F6DB /* Onboarding.swift */ = {isa = PBXFileReference; lastKnownFileType = sourcecode.swift; path = Onboarding.swift; sourceTree = "<group>"; };
		EF029C4E2B966EC400C3F6DB /* Hero.swift */ = {isa = PBXFileReference; fileEncoding = 4; lastKnownFileType = sourcecode.swift; path = Hero.swift; sourceTree = "<group>"; };
		EF029C502B966ED000C3F6DB /* Header.swift */ = {isa = PBXFileReference; fileEncoding = 4; lastKnownFileType = sourcecode.swift; path = Header.swift; sourceTree = "<group>"; };
		EF029C522B966EDC00C3F6DB /* FoodItem.swift */ = {isa = PBXFileReference; fileEncoding = 4; lastKnownFileType = sourcecode.swift; path = FoodItem.swift; sourceTree = "<group>"; };
		EF029C542B966EE300C3F6DB /* MainScreen.swift */ = {isa = PBXFileReference; fileEncoding = 4; lastKnownFileType = sourcecode.swift; path = MainScreen.swift; sourceTree = "<group>"; };
		EF029C562B966EE800C3F6DB /* DetailItem.swift */ = {isa = PBXFileReference; fileEncoding = 4; lastKnownFileType = sourcecode.swift; path = DetailItem.swift; sourceTree = "<group>"; };
		EF029C582B966EF000C3F6DB /* Styles.swift */ = {isa = PBXFileReference; fileEncoding = 4; lastKnownFileType = sourcecode.swift; path = Styles.swift; sourceTree = "<group>"; };
		EF029C5F2B967C6900C3F6DB /* Info.plist */ = {isa = PBXFileReference; lastKnownFileType = text.plist; path = Info.plist; sourceTree = "<group>"; };
		EF029C832B97C60400C3F6DB /* Karla-VariableFont_wght.ttf */ = {isa = PBXFileReference; lastKnownFileType = file; name = "Karla-VariableFont_wght.ttf"; path = "../../../../../../Downloads/Karla,Markazi_Text/Karla/Karla-VariableFont_wght.ttf"; sourceTree = "<group>"; };
		EF029C852B97C6E800C3F6DB /* MarkaziText-VariableFont_wght.ttf */ = {isa = PBXFileReference; lastKnownFileType = file; name = "MarkaziText-VariableFont_wght.ttf"; path = "../../../../../../Downloads/Markazi_Text/MarkaziText-VariableFont_wght.ttf"; sourceTree = "<group>"; };
		EF029C872B97C81B00C3F6DB /* Faustina-VariableFont_wght.ttf */ = {isa = PBXFileReference; lastKnownFileType = file; path = "Faustina-VariableFont_wght.ttf"; sourceTree = "<group>"; };
		EF3FB2D32B86BABE003F7DB3 /* FetchedObjects.swift */ = {isa = PBXFileReference; fileEncoding = 4; lastKnownFileType = sourcecode.swift; path = FetchedObjects.swift; sourceTree = "<group>"; };
		EF3FB2D52B86BAC2003F7DB3 /* Persistence.swift */ = {isa = PBXFileReference; fileEncoding = 4; lastKnownFileType = sourcecode.swift; path = Persistence.swift; sourceTree = "<group>"; };
		EF3FB2D72B86BB66003F7DB3 /* MenuList.swift */ = {isa = PBXFileReference; lastKnownFileType = sourcecode.swift; path = MenuList.swift; sourceTree = "<group>"; };
		EF3FB2D92B86BB70003F7DB3 /* MenuItem.swift */ = {isa = PBXFileReference; lastKnownFileType = sourcecode.swift; path = MenuItem.swift; sourceTree = "<group>"; };
		EF3FB2DC2B87F129003F7DB3 /* ExampleDatabase.xcdatamodel */ = {isa = PBXFileReference; lastKnownFileType = wrapper.xcdatamodel; path = ExampleDatabase.xcdatamodel; sourceTree = "<group>"; };
		EF63334B2B8406CD0006174A /* UserProfile.swift */ = {isa = PBXFileReference; lastKnownFileType = sourcecode.swift; path = UserProfile.swift; sourceTree = "<group>"; };
		EF65009C2B61C5A0005FADF5 /* LittleLemonApp.app */ = {isa = PBXFileReference; explicitFileType = wrapper.application; includeInIndex = 0; path = LittleLemonApp.app; sourceTree = BUILT_PRODUCTS_DIR; };
		EF65009F2B61C5A0005FADF5 /* LittleLemonAppApp.swift */ = {isa = PBXFileReference; lastKnownFileType = sourcecode.swift; path = LittleLemonAppApp.swift; sourceTree = "<group>"; };
		EF6500A32B61C5A2005FADF5 /* Assets.xcassets */ = {isa = PBXFileReference; lastKnownFileType = folder.assetcatalog; path = Assets.xcassets; sourceTree = "<group>"; };
		EF6500A62B61C5A2005FADF5 /* Preview Assets.xcassets */ = {isa = PBXFileReference; lastKnownFileType = folder.assetcatalog; path = "Preview Assets.xcassets"; sourceTree = "<group>"; };
		EFE1F7402B7FE59C003008CF /* Menu.swift */ = {isa = PBXFileReference; fileEncoding = 4; lastKnownFileType = sourcecode.swift; path = Menu.swift; sourceTree = "<group>"; };
		EFE1F7422B7FE5A1003008CF /* Home.swift */ = {isa = PBXFileReference; fileEncoding = 4; lastKnownFileType = sourcecode.swift; path = Home.swift; sourceTree = "<group>"; };
/* End PBXFileReference section */

/* Begin PBXFrameworksBuildPhase section */
		EF6500992B61C5A0005FADF5 /* Frameworks */ = {
			isa = PBXFrameworksBuildPhase;
			buildActionMask = 2147483647;
			files = (
			);
			runOnlyForDeploymentPostprocessing = 0;
		};
/* End PBXFrameworksBuildPhase section */

/* Begin PBXGroup section */
		EF029C472B966CD200C3F6DB /* CoreData */ = {
			isa = PBXGroup;
			children = (
				EF3FB2D32B86BABE003F7DB3 /* FetchedObjects.swift */,
				EF3FB2D52B86BAC2003F7DB3 /* Persistence.swift */,
				EF3FB2DB2B87F129003F7DB3 /* ExampleDatabase.xcdatamodeld */,
			);
			path = CoreData;
			sourceTree = "<group>";
		};
		EF029C482B966CEC00C3F6DB /* Model */ = {
			isa = PBXGroup;
			children = (
				EF3FB2D72B86BB66003F7DB3 /* MenuList.swift */,
				EF3FB2D92B86BB70003F7DB3 /* MenuItem.swift */,
			);
			path = Model;
			sourceTree = "<group>";
		};
		EF029C492B966D0E00C3F6DB /* Views */ = {
			isa = PBXGroup;
			children = (
				EFE1F7422B7FE5A1003008CF /* Home.swift */,
				EFE1F7402B7FE59C003008CF /* Menu.swift */,
				EF029C4C2B966E3300C3F6DB /* Onboarding.swift */,
				EF63334B2B8406CD0006174A /* UserProfile.swift */,
				EF029C4E2B966EC400C3F6DB /* Hero.swift */,
				EF029C502B966ED000C3F6DB /* Header.swift */,
				EF029C522B966EDC00C3F6DB /* FoodItem.swift */,
				EF029C542B966EE300C3F6DB /* MainScreen.swift */,
				EF029C4A2B966D6B00C3F6DB /* ViewModel.swift */,
				EF029C562B966EE800C3F6DB /* DetailItem.swift */,
			);
			path = Views;
			sourceTree = "<group>";
		};
		EF029C5A2B967BB700C3F6DB /* Fonts */ = {
			isa = PBXGroup;
			children = (
				EF029C832B97C60400C3F6DB /* Karla-VariableFont_wght.ttf */,
				EF029C852B97C6E800C3F6DB /* MarkaziText-VariableFont_wght.ttf */,
				EF029C872B97C81B00C3F6DB /* Faustina-VariableFont_wght.ttf */,
			);
			path = Fonts;
			sourceTree = "<group>";
		};
		EF6500932B61C5A0005FADF5 = {
			isa = PBXGroup;
			children = (
				EF65009E2B61C5A0005FADF5 /* LittleLemonApp */,
				EF65009D2B61C5A0005FADF5 /* Products */,
			);
			sourceTree = "<group>";
		};
		EF65009D2B61C5A0005FADF5 /* Products */ = {
			isa = PBXGroup;
			children = (
				EF65009C2B61C5A0005FADF5 /* LittleLemonApp.app */,
			);
			name = Products;
			sourceTree = "<group>";
		};
		EF65009E2B61C5A0005FADF5 /* LittleLemonApp */ = {
			isa = PBXGroup;
			children = (
				EF029C5F2B967C6900C3F6DB /* Info.plist */,
				EF029C492B966D0E00C3F6DB /* Views */,
				EF65009F2B61C5A0005FADF5 /* LittleLemonAppApp.swift */,
				EF029C582B966EF000C3F6DB /* Styles.swift */,
				EF029C482B966CEC00C3F6DB /* Model */,
				EF029C472B966CD200C3F6DB /* CoreData */,
				EF6500A32B61C5A2005FADF5 /* Assets.xcassets */,
				EF029C5A2B967BB700C3F6DB /* Fonts */,
				EF6500A52B61C5A2005FADF5 /* Preview Content */,
			);
			path = LittleLemonApp;
			sourceTree = "<group>";
		};
		EF6500A52B61C5A2005FADF5 /* Preview Content */ = {
			isa = PBXGroup;
			children = (
				EF6500A62B61C5A2005FADF5 /* Preview Assets.xcassets */,
			);
			path = "Preview Content";
			sourceTree = "<group>";
		};
/* End PBXGroup section */

/* Begin PBXNativeTarget section */
		EF65009B2B61C5A0005FADF5 /* LittleLemonApp */ = {
			isa = PBXNativeTarget;
			buildConfigurationList = EF6500AA2B61C5A2005FADF5 /* Build configuration list for PBXNativeTarget "LittleLemonApp" */;
			buildPhases = (
				EF6500982B61C5A0005FADF5 /* Sources */,
				EF6500992B61C5A0005FADF5 /* Frameworks */,
				EF65009A2B61C5A0005FADF5 /* Resources */,
			);
			buildRules = (
			);
			dependencies = (
			);
			name = LittleLemonApp;
			productName = LittleLemonApp;
			productReference = EF65009C2B61C5A0005FADF5 /* LittleLemonApp.app */;
			productType = "com.apple.product-type.application";
		};
/* End PBXNativeTarget section */

/* Begin PBXProject section */
		EF6500942B61C5A0005FADF5 /* Project object */ = {
			isa = PBXProject;
			attributes = {
				BuildIndependentTargetsInParallel = 1;
				LastSwiftUpdateCheck = 1520;
				LastUpgradeCheck = 1520;
				TargetAttributes = {
					EF65009B2B61C5A0005FADF5 = {
						CreatedOnToolsVersion = 15.2;
					};
				};
			};
			buildConfigurationList = EF6500972B61C5A0005FADF5 /* Build configuration list for PBXProject "LittleLemonApp" */;
			compatibilityVersion = "Xcode 14.0";
			developmentRegion = en;
			hasScannedForEncodings = 0;
			knownRegions = (
				en,
				Base,
			);
			mainGroup = EF6500932B61C5A0005FADF5;
			productRefGroup = EF65009D2B61C5A0005FADF5 /* Products */;
			projectDirPath = "";
			projectRoot = "";
			targets = (
				EF65009B2B61C5A0005FADF5 /* LittleLemonApp */,
			);
		};
/* End PBXProject section */

/* Begin PBXResourcesBuildPhase section */
		EF65009A2B61C5A0005FADF5 /* Resources */ = {
			isa = PBXResourcesBuildPhase;
			buildActionMask = 2147483647;
			files = (
				EF029C862B97C6E800C3F6DB /* MarkaziText-VariableFont_wght.ttf in Resources */,
				EF6500A72B61C5A2005FADF5 /* Preview Assets.xcassets in Resources */,
				EF029C842B97C60400C3F6DB /* Karla-VariableFont_wght.ttf in Resources */,
				EF6500A42B61C5A2005FADF5 /* Assets.xcassets in Resources */,
				EF029C882B97C81B00C3F6DB /* Faustina-VariableFont_wght.ttf in Resources */,
			);
			runOnlyForDeploymentPostprocessing = 0;
		};
/* End PBXResourcesBuildPhase section */

/* Begin PBXSourcesBuildPhase section */
		EF6500982B61C5A0005FADF5 /* Sources */ = {
			isa = PBXSourcesBuildPhase;
			buildActionMask = 2147483647;
			files = (
				EF029C532B966EDC00C3F6DB /* FoodItem.swift in Sources */,
				EFE1F7412B7FE59C003008CF /* Menu.swift in Sources */,
				EF029C512B966ED000C3F6DB /* Header.swift in Sources */,
				EF3FB2D82B86BB66003F7DB3 /* MenuList.swift in Sources */,
				EF029C4B2B966D6B00C3F6DB /* ViewModel.swift in Sources */,
				EF3FB2D42B86BABE003F7DB3 /* FetchedObjects.swift in Sources */,
				EF3FB2D62B86BAC2003F7DB3 /* Persistence.swift in Sources */,
				EF029C4D2B966E3300C3F6DB /* Onboarding.swift in Sources */,
				EF3FB2DD2B87F129003F7DB3 /* ExampleDatabase.xcdatamodeld in Sources */,
				EF63334C2B8406CD0006174A /* UserProfile.swift in Sources */,
				EF3FB2DA2B86BB70003F7DB3 /* MenuItem.swift in Sources */,
				EFE1F7432B7FE5A1003008CF /* Home.swift in Sources */,
				EF029C592B966EF000C3F6DB /* Styles.swift in Sources */,
				EF029C552B966EE300C3F6DB /* MainScreen.swift in Sources */,
				EF029C572B966EE800C3F6DB /* DetailItem.swift in Sources */,
				EF6500A02B61C5A0005FADF5 /* LittleLemonAppApp.swift in Sources */,
				EF029C4F2B966EC400C3F6DB /* Hero.swift in Sources */,
			);
			runOnlyForDeploymentPostprocessing = 0;
		};
/* End PBXSourcesBuildPhase section */

/* Begin XCBuildConfiguration section */
		EF6500A82B61C5A2005FADF5 /* Debug */ = {
			isa = XCBuildConfiguration;
			buildSettings = {
				ALWAYS_SEARCH_USER_PATHS = NO;
				ASSETCATALOG_COMPILER_GENERATE_SWIFT_ASSET_SYMBOL_EXTENSIONS = YES;
				CLANG_ANALYZER_NONNULL = YES;
				CLANG_ANALYZER_NUMBER_OBJECT_CONVERSION = YES_AGGRESSIVE;
				CLANG_CXX_LANGUAGE_STANDARD = "gnu++20";
				CLANG_ENABLE_MODULES = YES;
				CLANG_ENABLE_OBJC_ARC = YES;
				CLANG_ENABLE_OBJC_WEAK = YES;
				CLANG_WARN_BLOCK_CAPTURE_AUTORELEASING = YES;
				CLANG_WARN_BOOL_CONVERSION = YES;
				CLANG_WARN_COMMA = YES;
				CLANG_WARN_CONSTANT_CONVERSION = YES;
				CLANG_WARN_DEPRECATED_OBJC_IMPLEMENTATIONS = YES;
				CLANG_WARN_DIRECT_OBJC_ISA_USAGE = YES_ERROR;
				CLANG_WARN_DOCUMENTATION_COMMENTS = YES;
				CLANG_WARN_EMPTY_BODY = YES;
				CLANG_WARN_ENUM_CONVERSION = YES;
				CLANG_WARN_INFINITE_RECURSION = YES;
				CLANG_WARN_INT_CONVERSION = YES;
				CLANG_WARN_NON_LITERAL_NULL_CONVERSION = YES;
				CLANG_WARN_OBJC_IMPLICIT_RETAIN_SELF = YES;
				CLANG_WARN_OBJC_LITERAL_CONVERSION = YES;
				CLANG_WARN_OBJC_ROOT_CLASS = YES_ERROR;
				CLANG_WARN_QUOTED_INCLUDE_IN_FRAMEWORK_HEADER = YES;
				CLANG_WARN_RANGE_LOOP_ANALYSIS = YES;
				CLANG_WARN_STRICT_PROTOTYPES = YES;
				CLANG_WARN_SUSPICIOUS_MOVE = YES;
				CLANG_WARN_UNGUARDED_AVAILABILITY = YES_AGGRESSIVE;
				CLANG_WARN_UNREACHABLE_CODE = YES;
				CLANG_WARN__DUPLICATE_METHOD_MATCH = YES;
				COPY_PHASE_STRIP = NO;
				DEBUG_INFORMATION_FORMAT = dwarf;
				ENABLE_STRICT_OBJC_MSGSEND = YES;
				ENABLE_TESTABILITY = YES;
				ENABLE_USER_SCRIPT_SANDBOXING = YES;
				GCC_C_LANGUAGE_STANDARD = gnu17;
				GCC_DYNAMIC_NO_PIC = NO;
				GCC_NO_COMMON_BLOCKS = YES;
				GCC_OPTIMIZATION_LEVEL = 0;
				GCC_PREPROCESSOR_DEFINITIONS = (
					"DEBUG=1",
					"$(inherited)",
				);
				GCC_WARN_64_TO_32_BIT_CONVERSION = YES;
				GCC_WARN_ABOUT_RETURN_TYPE = YES_ERROR;
				GCC_WARN_UNDECLARED_SELECTOR = YES;
				GCC_WARN_UNINITIALIZED_AUTOS = YES_AGGRESSIVE;
				GCC_WARN_UNUSED_FUNCTION = YES;
				GCC_WARN_UNUSED_VARIABLE = YES;
				IPHONEOS_DEPLOYMENT_TARGET = 17.2;
				LOCALIZATION_PREFERS_STRING_CATALOGS = YES;
				MTL_ENABLE_DEBUG_INFO = INCLUDE_SOURCE;
				MTL_FAST_MATH = YES;
				ONLY_ACTIVE_ARCH = YES;
				SDKROOT = iphoneos;
				SWIFT_ACTIVE_COMPILATION_CONDITIONS = "DEBUG $(inherited)";
				SWIFT_OPTIMIZATION_LEVEL = "-Onone";
			};
			name = Debug;
		};
		EF6500A92B61C5A2005FADF5 /* Release */ = {
			isa = XCBuildConfiguration;
			buildSettings = {
				ALWAYS_SEARCH_USER_PATHS = NO;
				ASSETCATALOG_COMPILER_GENERATE_SWIFT_ASSET_SYMBOL_EXTENSIONS = YES;
				CLANG_ANALYZER_NONNULL = YES;
				CLANG_ANALYZER_NUMBER_OBJECT_CONVERSION = YES_AGGRESSIVE;
				CLANG_CXX_LANGUAGE_STANDARD = "gnu++20";
				CLANG_ENABLE_MODULES = YES;
				CLANG_ENABLE_OBJC_ARC = YES;
				CLANG_ENABLE_OBJC_WEAK = YES;
				CLANG_WARN_BLOCK_CAPTURE_AUTORELEASING = YES;
				CLANG_WARN_BOOL_CONVERSION = YES;
				CLANG_WARN_COMMA = YES;
				CLANG_WARN_CONSTANT_CONVERSION = YES;
				CLANG_WARN_DEPRECATED_OBJC_IMPLEMENTATIONS = YES;
				CLANG_WARN_DIRECT_OBJC_ISA_USAGE = YES_ERROR;
				CLANG_WARN_DOCUMENTATION_COMMENTS = YES;
				CLANG_WARN_EMPTY_BODY = YES;
				CLANG_WARN_ENUM_CONVERSION = YES;
				CLANG_WARN_INFINITE_RECURSION = YES;
				CLANG_WARN_INT_CONVERSION = YES;
				CLANG_WARN_NON_LITERAL_NULL_CONVERSION = YES;
				CLANG_WARN_OBJC_IMPLICIT_RETAIN_SELF = YES;
				CLANG_WARN_OBJC_LITERAL_CONVERSION = YES;
				CLANG_WARN_OBJC_ROOT_CLASS = YES_ERROR;
				CLANG_WARN_QUOTED_INCLUDE_IN_FRAMEWORK_HEADER = YES;
				CLANG_WARN_RANGE_LOOP_ANALYSIS = YES;
				CLANG_WARN_STRICT_PROTOTYPES = YES;
				CLANG_WARN_SUSPICIOUS_MOVE = YES;
				CLANG_WARN_UNGUARDED_AVAILABILITY = YES_AGGRESSIVE;
				CLANG_WARN_UNREACHABLE_CODE = YES;
				CLANG_WARN__DUPLICATE_METHOD_MATCH = YES;
				COPY_PHASE_STRIP = NO;
				DEBUG_INFORMATION_FORMAT = "dwarf-with-dsym";
				ENABLE_NS_ASSERTIONS = NO;
				ENABLE_STRICT_OBJC_MSGSEND = YES;
				ENABLE_USER_SCRIPT_SANDBOXING = YES;
				GCC_C_LANGUAGE_STANDARD = gnu17;
				GCC_NO_COMMON_BLOCKS = YES;
				GCC_WARN_64_TO_32_BIT_CONVERSION = YES;
				GCC_WARN_ABOUT_RETURN_TYPE = YES_ERROR;
				GCC_WARN_UNDECLARED_SELECTOR = YES;
				GCC_WARN_UNINITIALIZED_AUTOS = YES_AGGRESSIVE;
				GCC_WARN_UNUSED_FUNCTION = YES;
				GCC_WARN_UNUSED_VARIABLE = YES;
				IPHONEOS_DEPLOYMENT_TARGET = 17.2;
				LOCALIZATION_PREFERS_STRING_CATALOGS = YES;
				MTL_ENABLE_DEBUG_INFO = NO;
				MTL_FAST_MATH = YES;
				SDKROOT = iphoneos;
				SWIFT_COMPILATION_MODE = wholemodule;
				VALIDATE_PRODUCT = YES;
			};
			name = Release;
		};
		EF6500AB2B61C5A2005FADF5 /* Debug */ = {
			isa = XCBuildConfiguration;
			buildSettings = {
				ASSETCATALOG_COMPILER_APPICON_NAME = AppIcon;
				ASSETCATALOG_COMPILER_GLOBAL_ACCENT_COLOR_NAME = AccentColor;
				CODE_SIGN_STYLE = Automatic;
				CURRENT_PROJECT_VERSION = 1;
				DEVELOPMENT_ASSET_PATHS = "\"LittleLemonApp/Preview Content\"";
				DEVELOPMENT_TEAM = GTU957UJKB;
				ENABLE_PREVIEWS = YES;
				GENERATE_INFOPLIST_FILE = YES;
				INFOPLIST_FILE = LittleLemonApp/Info.plist;
				INFOPLIST_KEY_CFBundleDisplayName = "Little Lemon";
				INFOPLIST_KEY_LSApplicationCategoryType = "public.app-category.food-and-drink";
				INFOPLIST_KEY_UIApplicationSceneManifest_Generation = YES;
				INFOPLIST_KEY_UIApplicationSupportsIndirectInputEvents = YES;
				INFOPLIST_KEY_UILaunchScreen_Generation = YES;
				INFOPLIST_KEY_UISupportedInterfaceOrientations_iPad = "UIInterfaceOrientationPortrait UIInterfaceOrientationPortraitUpsideDown UIInterfaceOrientationLandscapeLeft UIInterfaceOrientationLandscapeRight";
				INFOPLIST_KEY_UISupportedInterfaceOrientations_iPhone = "UIInterfaceOrientationPortrait UIInterfaceOrientationLandscapeLeft UIInterfaceOrientationLandscapeRight";
				IPHONEOS_DEPLOYMENT_TARGET = 17.0;
				LD_RUNPATH_SEARCH_PATHS = (
					"$(inherited)",
					"@executable_path/Frameworks",
				);
				MARKETING_VERSION = 1.0;
				PRODUCT_BUNDLE_IDENTIFIER = com.jarekkaminski.LittleLemonApp;
				PRODUCT_NAME = "$(TARGET_NAME)";
				SWIFT_EMIT_LOC_STRINGS = YES;
				SWIFT_VERSION = 5.0;
				TARGETED_DEVICE_FAMILY = "1,2";
			};
			name = Debug;
		};
		EF6500AC2B61C5A2005FADF5 /* Release */ = {
			isa = XCBuildConfiguration;
			buildSettings = {
				ASSETCATALOG_COMPILER_APPICON_NAME = AppIcon;
				ASSETCATALOG_COMPILER_GLOBAL_ACCENT_COLOR_NAME = AccentColor;
				CODE_SIGN_STYLE = Automatic;
				CURRENT_PROJECT_VERSION = 1;
				DEVELOPMENT_ASSET_PATHS = "\"LittleLemonApp/Preview Content\"";
				DEVELOPMENT_TEAM = GTU957UJKB;
				ENABLE_PREVIEWS = YES;
				GENERATE_INFOPLIST_FILE = YES;
				INFOPLIST_FILE = LittleLemonApp/Info.plist;
				INFOPLIST_KEY_CFBundleDisplayName = "Little Lemon";
				INFOPLIST_KEY_LSApplicationCategoryType = "public.app-category.food-and-drink";
				INFOPLIST_KEY_UIApplicationSceneManifest_Generation = YES;
				INFOPLIST_KEY_UIApplicationSupportsIndirectInputEvents = YES;
				INFOPLIST_KEY_UILaunchScreen_Generation = YES;
				INFOPLIST_KEY_UISupportedInterfaceOrientations_iPad = "UIInterfaceOrientationPortrait UIInterfaceOrientationPortraitUpsideDown UIInterfaceOrientationLandscapeLeft UIInterfaceOrientationLandscapeRight";
				INFOPLIST_KEY_UISupportedInterfaceOrientations_iPhone = "UIInterfaceOrientationPortrait UIInterfaceOrientationLandscapeLeft UIInterfaceOrientationLandscapeRight";
				IPHONEOS_DEPLOYMENT_TARGET = 17.0;
				LD_RUNPATH_SEARCH_PATHS = (
					"$(inherited)",
					"@executable_path/Frameworks",
				);
				MARKETING_VERSION = 1.0;
				PRODUCT_BUNDLE_IDENTIFIER = com.jarekkaminski.LittleLemonApp;
				PRODUCT_NAME = "$(TARGET_NAME)";
				SWIFT_EMIT_LOC_STRINGS = YES;
				SWIFT_VERSION = 5.0;
				TARGETED_DEVICE_FAMILY = "1,2";
			};
			name = Release;
		};
/* End XCBuildConfiguration section */

/* Begin XCConfigurationList section */
		EF6500972B61C5A0005FADF5 /* Build configuration list for PBXProject "LittleLemonApp" */ = {
			isa = XCConfigurationList;
			buildConfigurations = (
				EF6500A82B61C5A2005FADF5 /* Debug */,
				EF6500A92B61C5A2005FADF5 /* Release */,
			);
			defaultConfigurationIsVisible = 0;
			defaultConfigurationName = Release;
		};
		EF6500AA2B61C5A2005FADF5 /* Build configuration list for PBXNativeTarget "LittleLemonApp" */ = {
			isa = XCConfigurationList;
			buildConfigurations = (
				EF6500AB2B61C5A2005FADF5 /* Debug */,
				EF6500AC2B61C5A2005FADF5 /* Release */,
			);
			defaultConfigurationIsVisible = 0;
			defaultConfigurationName = Release;
		};
/* End XCConfigurationList section */

/* Begin XCVersionGroup section */
		EF3FB2DB2B87F129003F7DB3 /* ExampleDatabase.xcdatamodeld */ = {
			isa = XCVersionGroup;
			children = (
				EF3FB2DC2B87F129003F7DB3 /* ExampleDatabase.xcdatamodel */,
			);
			currentVersion = EF3FB2DC2B87F129003F7DB3 /* ExampleDatabase.xcdatamodel */;
			path = ExampleDatabase.xcdatamodeld;
			sourceTree = "<group>";
			versionGroupType = wrapper.xcdatamodel;
		};
/* End XCVersionGroup section */
	};
	rootObject = EF6500942B61C5A0005FADF5 /* Project object */;
}
